{
  "name": "platform",
  "lockfileVersion": 2,
  "requires": true,
  "packages": {
    "": {
      "devDependencies": {
        "@bazel/bazelisk": "1.7.5"
      }
    },
    "node_modules/@bazel/bazelisk": {
      "version": "1.7.5",
      "resolved": "https://registry.npmjs.org/@bazel/bazelisk/-/bazelisk-1.7.5.tgz",
      "integrity": "sha512-JHwP9JhfZUSoj4sku471Bjw4uE773U2Agujnx0CdPkeRk25khy1l3VyjaPaHB+z1fmMnM6ED3M7tetQUsovUQg==",
      "dev": true,
      "bin": {
        "bazel": "bazelisk.js",
        "bazelisk": "bazelisk.js"
      }
    }
  },
  "dependencies": {
    "@bazel/bazelisk": {
      "version": "1.7.5",
      "resolved": "https://registry.npmjs.org/@bazel/bazelisk/-/bazelisk-1.7.5.tgz",
      "integrity": "sha512-JHwP9JhfZUSoj4sku471Bjw4uE773U2Agujnx0CdPkeRk25khy1l3VyjaPaHB+z1fmMnM6ED3M7tetQUsovUQg==",
      "dev": true
    }
  }
}
